
Microsoft Visual Studio Solution File, Format Version 12.00
# Visual Studio 15
VisualStudioVersion = 15.0.27130.2026
MinimumVisualStudioVersion = 10.0.40219.1
Project("{FAE04EC0-301F-11D3-BF4B-00C04F79EFBC}") = "LoanCalculator", "LoanCalculator\LoanCalculator.csproj", "{44E251B4-9C7E-4653-9159-08C893E5AF7A}"
EndProject
Project("{54435603-DBB4-11D2-8724-00A0C9A8B90C}") = "贷款计算器", "贷款计算器\贷款计算器.vdproj", "{CAC2D6A9-5B06-4DB9-BA2E-F912B5A2C104}"
EndProject
Global
	GlobalSection(SolutionConfigurationPlatforms) = preSolution
		Debug|Any CPU = Debug|Any CPU
		Release|Any CPU = Release|Any CPU
	EndGlobalSection
	GlobalSection(ProjectConfigurationPlatforms) = postSolution
		{44E251B4-9C7E-4653-9159-08C893E5AF7A}.Debug|Any CPU.ActiveCfg = Debug|Any CPU
		{44E251B4-9C7E-4653-9159-08C893E5AF7A}.Debug|Any CPU.Build.0 = Debug|Any CPU
		{44E251B4-9C7E-4653-9159-08C893E5AF7A}.Release|Any CPU.ActiveCfg = Release|Any CPU
		{44E251B4-9C7E-4653-9159-08C893E5AF7A}.Release|Any CPU.Build.0 = Release|Any CPU
		{CAC2D6A9-5B06-4DB9-BA2E-F912B5A2C104}.Debug|Any CPU.ActiveCfg = Debug
		{CAC2D6A9-5B06-4DB9-BA2E-F912B5A2C104}.Release|Any CPU.ActiveCfg = Release
	EndGlobalSection
	GlobalSection(SolutionProperties) = preSolution
		HideSolutionNode = FALSE
	EndGlobalSection
	GlobalSection(ExtensibilityGlobals) = postSolution
		SolutionGuid = {0C3E4BFD-D996-4870-9ADA-E68D6FE291AF}
	EndGlobalSection
EndGlobal
